# THIS IS AN AUTOGENERATED FILE. DO NOT EDIT THIS FILE DIRECTLY.
# yarn lockfile v1


"@fortawesome/fontawesome-common-types@^0.2.18":
  version "0.2.18"
  resolved "https://registry.yarnpkg.com/@fortawesome/fontawesome-common-types/-/fontawesome-common-types-0.2.18.tgz#c0d8f073a5116b2de0a2c8a7aba66093a6956ce7"
  integrity sha512-834DrzO2Ne3upCW+mJJPC/E6BsFcj+2Z1HmPIhbpbj8UaKmXWum4NClqLpUiMetugRlHuG4jbIHNdv2/lc3c1Q==

"@fortawesome/fontawesome-svg-core@^1.2.18":
  version "1.2.18"
  resolved "https://registry.yarnpkg.com/@fortawesome/fontawesome-svg-core/-/fontawesome-svg-core-1.2.18.tgz#c26cbded461895ebe260f0dea771ca29d8cb3517"
  integrity sha512-1vyLWVQqxQ8q8bA2zgZcljk3RkeELlDJ757ymLk+ebK019AFgEFH5kTnR5OMN1SFsTwW1OHlFQO3VufdeCg/Gg==
  dependencies:
    "@fortawesome/fontawesome-common-types" "^0.2.18"

"@fortawesome/free-solid-svg-icons@^5.8.2":
  version "5.8.2"
  resolved "https://registry.yarnpkg.com/@fortawesome/free-solid-svg-icons/-/free-solid-svg-icons-5.8.2.tgz#aa2f042f73aca43eb4a26149907e63bf26d2e31c"
  integrity sha512-5tF6WOFlqqO95zY5ukSB6jliDa3jnk1p5L4K/a58ccDFsbjSkhfGuvZkRkeWxH8uMms81pZd6yQTwQrkedeJmg==
  dependencies:
    "@fortawesome/fontawesome-common-types" "^0.2.18"

"@fortawesome/react-fontawesome@^0.1.4":
  version "0.1.4"
  resolved "https://registry.yarnpkg.com/@fortawesome/react-fontawesome/-/react-fontawesome-0.1.4.tgz#18d61d9b583ca289a61aa7dccc05bd164d6bc9ad"
  integrity sha512-GwmxQ+TK7PEdfSwvxtGnMCqrfEm0/HbRHArbUudsYiy9KzVCwndxa2KMcfyTQ8El0vROrq8gOOff09RF1oQe8g==
  dependencies:
    humps "^2.0.1"
    prop-types "^15.5.10"

add@^2.0.6:
  version "2.0.6"
  resolved "https://registry.yarnpkg.com/add/-/add-2.0.6.tgz#248f0a9f6e5a528ef2295dbeec30532130ae2235"
  integrity sha1-JI8Kn25aUo7yKV2+7DBTITCuIjU=

cd@^0.3.3:
  version "0.3.3"
  resolved "https://registry.yarnpkg.com/cd/-/cd-0.3.3.tgz#108ecb57bff93b96b9115c54573cfef3008ef94d"
  integrity sha1-EI7LV7/5O5a5EVxUVzz+8wCO+U0=

fuse.js@^3.4.4:
  version "3.4.4"
  resolved "https://registry.yarnpkg.com/fuse.js/-/fuse.js-3.4.4.tgz#f98f55fcb3b595cf6a3e629c5ffaf10982103e95"
  integrity sha512-pyLQo/1oR5Ywf+a/tY8z4JygnIglmRxVUOiyFAbd11o9keUDpUJSMGRWJngcnkURj30kDHPmhoKY8ChJiz3EpQ==

humps@^2.0.1:
  version "2.0.1"
  resolved "https://registry.yarnpkg.com/humps/-/humps-2.0.1.tgz#dd02ea6081bd0568dc5d073184463957ba9ef9aa"
  integrity sha1-3QLqYIG9BWjcXQcxhEY5V7qe+ao=

"js-tokens@^3.0.0 || ^4.0.0":
  version "4.0.0"
  resolved "https://registry.yarnpkg.com/js-tokens/-/js-tokens-4.0.0.tgz#19203fb59991df98e3a287050d4647cdeaf32499"
  integrity sha512-RdJUflcE3cUzKiMqQgsCu06FPu9UdIJO0beYbPhHN4k6apgJtifcoCtT9bcxOpYBtpD2kCM6Sbzg4CausW/PKQ==

loose-envify@^1.4.0:
  version "1.4.0"
  resolved "https://registry.yarnpkg.com/loose-envify/-/loose-envify-1.4.0.tgz#71ee51fa7be4caec1a63839f7e682d8132d30caf"
  integrity sha512-lyuxPGr/Wfhrlem2CL/UcnUc1zcqKAImBDzukY7Y5F/yQiNdko6+fRLevlw1HgMySw7f611UIY408EtxRSoK3Q==
  dependencies:
    js-tokens "^3.0.0 || ^4.0.0"

moment@^2.24.0:
  version "2.24.0"
  resolved "https://registry.yarnpkg.com/moment/-/moment-2.24.0.tgz#0d055d53f5052aa653c9f6eb68bb5d12bf5c2b5b"
  integrity sha512-bV7f+6l2QigeBBZSM/6yTNq4P2fNpSWj/0e7jQcy87A8e7o2nAfP/34/2ky5Vw4B9S446EtIhodAzkFCcR4dQg==

object-assign@^4.1.1:
  version "4.1.1"
  resolved "https://registry.yarnpkg.com/object-assign/-/object-assign-4.1.1.tgz#2109adc7965887cfc05cbbd442cac8bfbb360863"
  integrity sha1-IQmtx5ZYh8/AXLvUQsrIv7s2CGM=

prop-types@^15.5.10:
  version "15.7.2"
  resolved "https://registry.yarnpkg.com/prop-types/-/prop-types-15.7.2.tgz#52c41e75b8c87e72b9d9360e0206b99dcbffa6c5"
  integrity sha512-8QQikdH7//R2vurIJSutZ1smHYTcLpRWEOlHnzcWHmBYrOGUysKwSsrC89BCiFj3CbrfJ/nXFdJepOVrY1GCHQ==
  dependencies:
    loose-envify "^1.4.0"
    object-assign "^4.1.1"
    react-is "^16.8.1"

react-is@^16.8.1:
  version "16.8.6"
  resolved "https://registry.yarnpkg.com/react-is/-/react-is-16.8.6.tgz#5bbc1e2d29141c9fbdfed456343fe2bc430a6a16"
  integrity sha512-aUk3bHfZ2bRSVFFbbeVS4i+lNPZr3/WM5jT2J5omUVV1zzcs1nAaf3l51ctA5FFvCRbhrH0bdAsRRQddFJZPtA==

yarn@^1.16.0:
  version "1.16.0"
  resolved "https://registry.yarnpkg.com/yarn/-/yarn-1.16.0.tgz#5701b58ac555ff91f7b889b7d791b3dc86f8f999"
  integrity sha512-cfemyGlnWKA1zopUUgebTPf8C4WkPIZ+TJmklwcEAJ4u6oWPtJeAzrsamaGGh/+b1XWe8W51yzAImC4AWbWR1g==
